// !$*UTF8*$!
{
	archiveVersion = 1;
	classes = {
	};
	objectVersion = 56;
	objects = {

/* Begin PBXBuildFile section */
		2A7D24682BF91223005B6052 /* ComponentsSettings.swift in Sources */ = {isa = PBXBuildFile; fileRef = 2A7D24672BF91223005B6052 /* ComponentsSettings.swift */; };
		2A7D246C2BF91C47005B6052 /* SelectionView.swift in Sources */ = {isa = PBXBuildFile; fileRef = 2A7D246B2BF91C47005B6052 /* SelectionView.swift */; };
		2A7D246E2BF91C58005B6052 /* ComponentsSelection.swift in Sources */ = {isa = PBXBuildFile; fileRef = 2A7D246D2BF91C58005B6052 /* ComponentsSelection.swift */; };
		2AA124C92BF7DEC50009D93C /* LED_ControllerApp.swift in Sources */ = {isa = PBXBuildFile; fileRef = 2AA124C82BF7DEC50009D93C /* LED_ControllerApp.swift */; };
		2AA124CB2BF7DEC50009D93C /* SettingsView.swift in Sources */ = {isa = PBXBuildFile; fileRef = 2AA124CA2BF7DEC50009D93C /* SettingsView.swift */; };
		2AA124CD2BF7DEC50009D93C /* Item.swift in Sources */ = {isa = PBXBuildFile; fileRef = 2AA124CC2BF7DEC50009D93C /* Item.swift */; };
		2AA124CF2BF7DEC60009D93C /* Assets.xcassets in Resources */ = {isa = PBXBuildFile; fileRef = 2AA124CE2BF7DEC60009D93C /* Assets.xcassets */; };
		2AA124D32BF7DEC60009D93C /* Preview Assets.xcassets in Resources */ = {isa = PBXBuildFile; fileRef = 2AA124D22BF7DEC60009D93C /* Preview Assets.xcassets */; };
		2AA124DD2BF7DEC60009D93C /* LED_ControllerTests.swift in Sources */ = {isa = PBXBuildFile; fileRef = 2AA124DC2BF7DEC60009D93C /* LED_ControllerTests.swift */; };
		2AA124E72BF7DEC60009D93C /* LED_ControllerUITests.swift in Sources */ = {isa = PBXBuildFile; fileRef = 2AA124E62BF7DEC60009D93C /* LED_ControllerUITests.swift */; };
		2AA124E92BF7DEC60009D93C /* LED_ControllerUITestsLaunchTests.swift in Sources */ = {isa = PBXBuildFile; fileRef = 2AA124E82BF7DEC60009D93C /* LED_ControllerUITestsLaunchTests.swift */; };
		2AA124F62BF7E0EB0009D93C /* NetworkManager.swift in Sources */ = {isa = PBXBuildFile; fileRef = 2AA124F52BF7E0EB0009D93C /* NetworkManager.swift */; };
		2AA124F82BF7E1C30009D93C /* ApiConnectModel.swift in Sources */ = {isa = PBXBuildFile; fileRef = 2AA124F72BF7E1C30009D93C /* ApiConnectModel.swift */; };
		2AC225412C1FDBBC00C93055 /* DataPool.swift in Sources */ = {isa = PBXBuildFile; fileRef = 2AC225402C1FDBBC00C93055 /* DataPool.swift */; };
		2AE4CCE52BFAB87300E55F7F /* spotifyWebView.swift in Sources */ = {isa = PBXBuildFile; fileRef = 2AE4CCE42BFAB87300E55F7F /* spotifyWebView.swift */; };
/* End PBXBuildFile section */

/* Begin PBXContainerItemProxy section */
		2AA124D92BF7DEC60009D93C /* PBXContainerItemProxy */ = {
			isa = PBXContainerItemProxy;
			containerPortal = 2AA124BD2BF7DEC50009D93C /* Project object */;
			proxyType = 1;
			remoteGlobalIDString = 2AA124C42BF7DEC50009D93C;
			remoteInfo = "LED Controller";
		};
		2AA124E32BF7DEC60009D93C /* PBXContainerItemProxy */ = {
			isa = PBXContainerItemProxy;
			containerPortal = 2AA124BD2BF7DEC50009D93C /* Project object */;
			proxyType = 1;
			remoteGlobalIDString = 2AA124C42BF7DEC50009D93C;
			remoteInfo = "LED Controller";
		};
/* End PBXContainerItemProxy section */

/* Begin PBXFileReference section */
		2A7D24672BF91223005B6052 /* ComponentsSettings.swift */ = {isa = PBXFileReference; lastKnownFileType = sourcecode.swift; path = ComponentsSettings.swift; sourceTree = "<group>"; };
		2A7D246B2BF91C47005B6052 /* SelectionView.swift */ = {isa = PBXFileReference; lastKnownFileType = sourcecode.swift; path = SelectionView.swift; sourceTree = "<group>"; };
		2A7D246D2BF91C58005B6052 /* ComponentsSelection.swift */ = {isa = PBXFileReference; lastKnownFileType = sourcecode.swift; path = ComponentsSelection.swift; sourceTree = "<group>"; };
		2AA124C52BF7DEC50009D93C /* LED Controller.app */ = {isa = PBXFileReference; explicitFileType = wrapper.application; includeInIndex = 0; path = "LED Controller.app"; sourceTree = BUILT_PRODUCTS_DIR; };
		2AA124C82BF7DEC50009D93C /* LED_ControllerApp.swift */ = {isa = PBXFileReference; lastKnownFileType = sourcecode.swift; path = LED_ControllerApp.swift; sourceTree = "<group>"; };
		2AA124CA2BF7DEC50009D93C /* SettingsView.swift */ = {isa = PBXFileReference; lastKnownFileType = sourcecode.swift; path = SettingsView.swift; sourceTree = "<group>"; };
		2AA124CC2BF7DEC50009D93C /* Item.swift */ = {isa = PBXFileReference; lastKnownFileType = sourcecode.swift; path = Item.swift; sourceTree = "<group>"; };
		2AA124CE2BF7DEC60009D93C /* Assets.xcassets */ = {isa = PBXFileReference; lastKnownFileType = folder.assetcatalog; path = Assets.xcassets; sourceTree = "<group>"; };
		2AA124D02BF7DEC60009D93C /* LED_Controller.entitlements */ = {isa = PBXFileReference; lastKnownFileType = text.plist.entitlements; path = LED_Controller.entitlements; sourceTree = "<group>"; };
		2AA124D22BF7DEC60009D93C /* Preview Assets.xcassets */ = {isa = PBXFileReference; lastKnownFileType = folder.assetcatalog; path = "Preview Assets.xcassets"; sourceTree = "<group>"; };
		2AA124D82BF7DEC60009D93C /* LED ControllerTests.xctest */ = {isa = PBXFileReference; explicitFileType = wrapper.cfbundle; includeInIndex = 0; path = "LED ControllerTests.xctest"; sourceTree = BUILT_PRODUCTS_DIR; };
		2AA124DC2BF7DEC60009D93C /* LED_ControllerTests.swift */ = {isa = PBXFileReference; lastKnownFileType = sourcecode.swift; path = LED_ControllerTests.swift; sourceTree = "<group>"; };
		2AA124E22BF7DEC60009D93C /* LED ControllerUITests.xctest */ = {isa = PBXFileReference; explicitFileType = wrapper.cfbundle; includeInIndex = 0; path = "LED ControllerUITests.xctest"; sourceTree = BUILT_PRODUCTS_DIR; };
		2AA124E62BF7DEC60009D93C /* LED_ControllerUITests.swift */ = {isa = PBXFileReference; lastKnownFileType = sourcecode.swift; path = LED_ControllerUITests.swift; sourceTree = "<group>"; };
		2AA124E82BF7DEC60009D93C /* LED_ControllerUITestsLaunchTests.swift */ = {isa = PBXFileReference; lastKnownFileType = sourcecode.swift; path = LED_ControllerUITestsLaunchTests.swift; sourceTree = "<group>"; };
		2AA124F52BF7E0EB0009D93C /* NetworkManager.swift */ = {isa = PBXFileReference; lastKnownFileType = sourcecode.swift; path = NetworkManager.swift; sourceTree = "<group>"; };
		2AA124F72BF7E1C30009D93C /* ApiConnectModel.swift */ = {isa = PBXFileReference; lastKnownFileType = sourcecode.swift; path = ApiConnectModel.swift; sourceTree = "<group>"; };
		2AC225402C1FDBBC00C93055 /* DataPool.swift */ = {isa = PBXFileReference; lastKnownFileType = sourcecode.swift; path = DataPool.swift; sourceTree = "<group>"; };
		2AE4CCE42BFAB87300E55F7F /* spotifyWebView.swift */ = {isa = PBXFileReference; lastKnownFileType = sourcecode.swift; path = spotifyWebView.swift; sourceTree = "<group>"; };
/* End PBXFileReference section */

/* Begin PBXFrameworksBuildPhase section */
		2AA124C22BF7DEC50009D93C /* Frameworks */ = {
			isa = PBXFrameworksBuildPhase;
			buildActionMask = 2147483647;
			files = (
			);
			runOnlyForDeploymentPostprocessing = 0;
		};
		2AA124D52BF7DEC60009D93C /* Frameworks */ = {
			isa = PBXFrameworksBuildPhase;
			buildActionMask = 2147483647;
			files = (
			);
			runOnlyForDeploymentPostprocessing = 0;
		};
		2AA124DF2BF7DEC60009D93C /* Frameworks */ = {
			isa = PBXFrameworksBuildPhase;
			buildActionMask = 2147483647;
			files = (
			);
			runOnlyForDeploymentPostprocessing = 0;
		};
/* End PBXFrameworksBuildPhase section */

/* Begin PBXGroup section */
		2A7D24662BF91202005B6052 /* SettingsView */ = {
			isa = PBXGroup;
			children = (
				2AA124CA2BF7DEC50009D93C /* SettingsView.swift */,
				2A7D24672BF91223005B6052 /* ComponentsSettings.swift */,
			);
			path = SettingsView;
			sourceTree = "<group>";
		};
		2A7D24692BF917DC005B6052 /* NetworkConnect */ = {
			isa = PBXGroup;
			children = (
				2AA124F72BF7E1C30009D93C /* ApiConnectModel.swift */,
				2AA124F52BF7E0EB0009D93C /* NetworkManager.swift */,
				2AE4CCE42BFAB87300E55F7F /* spotifyWebView.swift */,
			);
			path = NetworkConnect;
			sourceTree = "<group>";
		};
		2A7D246A2BF91C18005B6052 /* SelectionView */ = {
			isa = PBXGroup;
			children = (
				2A7D246B2BF91C47005B6052 /* SelectionView.swift */,
				2A7D246D2BF91C58005B6052 /* ComponentsSelection.swift */,
			);
			path = SelectionView;
			sourceTree = "<group>";
		};
		2AA124BC2BF7DEC50009D93C = {
			isa = PBXGroup;
			children = (
				2AA124C72BF7DEC50009D93C /* LED Controller */,
				2AA124DB2BF7DEC60009D93C /* LED ControllerTests */,
				2AA124E52BF7DEC60009D93C /* LED ControllerUITests */,
				2AA124C62BF7DEC50009D93C /* Products */,
			);
			sourceTree = "<group>";
		};
		2AA124C62BF7DEC50009D93C /* Products */ = {
			isa = PBXGroup;
			children = (
				2AA124C52BF7DEC50009D93C /* LED Controller.app */,
				2AA124D82BF7DEC60009D93C /* LED ControllerTests.xctest */,
				2AA124E22BF7DEC60009D93C /* LED ControllerUITests.xctest */,
			);
			name = Products;
			sourceTree = "<group>";
		};
		2AA124C72BF7DEC50009D93C /* LED Controller */ = {
			isa = PBXGroup;
			children = (
				2A7D24662BF91202005B6052 /* SettingsView */,
				2AA124C82BF7DEC50009D93C /* LED_ControllerApp.swift */,
				2A7D246A2BF91C18005B6052 /* SelectionView */,
				2A7D24692BF917DC005B6052 /* NetworkConnect */,
				2AA124CC2BF7DEC50009D93C /* Item.swift */,
				2AA124CE2BF7DEC60009D93C /* Assets.xcassets */,
				2AA124D02BF7DEC60009D93C /* LED_Controller.entitlements */,
				2AA124D12BF7DEC60009D93C /* Preview Content */,
				2AC225402C1FDBBC00C93055 /* DataPool.swift */,
			);
			path = "LED Controller";
			sourceTree = "<group>";
		};
		2AA124D12BF7DEC60009D93C /* Preview Content */ = {
			isa = PBXGroup;
			children = (
				2AA124D22BF7DEC60009D93C /* Preview Assets.xcassets */,
			);
			path = "Preview Content";
			sourceTree = "<group>";
		};
		2AA124DB2BF7DEC60009D93C /* LED ControllerTests */ = {
			isa = PBXGroup;
			children = (
				2AA124DC2BF7DEC60009D93C /* LED_ControllerTests.swift */,
			);
			path = "LED ControllerTests";
			sourceTree = "<group>";
		};
		2AA124E52BF7DEC60009D93C /* LED ControllerUITests */ = {
			isa = PBXGroup;
			children = (
				2AA124E62BF7DEC60009D93C /* LED_ControllerUITests.swift */,
				2AA124E82BF7DEC60009D93C /* LED_ControllerUITestsLaunchTests.swift */,
			);
			path = "LED ControllerUITests";
			sourceTree = "<group>";
		};
/* End PBXGroup section */

/* Begin PBXNativeTarget section */
		2AA124C42BF7DEC50009D93C /* LED Controller */ = {
			isa = PBXNativeTarget;
			buildConfigurationList = 2AA124EC2BF7DEC60009D93C /* Build configuration list for PBXNativeTarget "LED Controller" */;
			buildPhases = (
				2AA124C12BF7DEC50009D93C /* Sources */,
				2AA124C22BF7DEC50009D93C /* Frameworks */,
				2AA124C32BF7DEC50009D93C /* Resources */,
			);
			buildRules = (
			);
			dependencies = (
			);
			name = "LED Controller";
			productName = "LED Controller";
			productReference = 2AA124C52BF7DEC50009D93C /* LED Controller.app */;
			productType = "com.apple.product-type.application";
		};
		2AA124D72BF7DEC60009D93C /* LED ControllerTests */ = {
			isa = PBXNativeTarget;
			buildConfigurationList = 2AA124EF2BF7DEC60009D93C /* Build configuration list for PBXNativeTarget "LED ControllerTests" */;
			buildPhases = (
				2AA124D42BF7DEC60009D93C /* Sources */,
				2AA124D52BF7DEC60009D93C /* Frameworks */,
				2AA124D62BF7DEC60009D93C /* Resources */,
			);
			buildRules = (
			);
			dependencies = (
				2AA124DA2BF7DEC60009D93C /* PBXTargetDependency */,
			);
			name = "LED ControllerTests";
			productName = "LED ControllerTests";
			productReference = 2AA124D82BF7DEC60009D93C /* LED ControllerTests.xctest */;
			productType = "com.apple.product-type.bundle.unit-test";
		};
		2AA124E12BF7DEC60009D93C /* LED ControllerUITests */ = {
			isa = PBXNativeTarget;
			buildConfigurationList = 2AA124F22BF7DEC60009D93C /* Build configuration list for PBXNativeTarget "LED ControllerUITests" */;
			buildPhases = (
				2AA124DE2BF7DEC60009D93C /* Sources */,
				2AA124DF2BF7DEC60009D93C /* Frameworks */,
				2AA124E02BF7DEC60009D93C /* Resources */,
			);
			buildRules = (
			);
			dependencies = (
				2AA124E42BF7DEC60009D93C /* PBXTargetDependency */,
			);
			name = "LED ControllerUITests";
			productName = "LED ControllerUITests";
			productReference = 2AA124E22BF7DEC60009D93C /* LED ControllerUITests.xctest */;
			productType = "com.apple.product-type.bundle.ui-testing";
		};
/* End PBXNativeTarget section */

/* Begin PBXProject section */
		2AA124BD2BF7DEC50009D93C /* Project object */ = {
			isa = PBXProject;
			attributes = {
				BuildIndependentTargetsInParallel = 1;
				LastSwiftUpdateCheck = 1530;
				LastUpgradeCheck = 1540;
				TargetAttributes = {
					2AA124C42BF7DEC50009D93C = {
						CreatedOnToolsVersion = 15.3;
					};
					2AA124D72BF7DEC60009D93C = {
						CreatedOnToolsVersion = 15.3;
						TestTargetID = 2AA124C42BF7DEC50009D93C;
					};
					2AA124E12BF7DEC60009D93C = {
						CreatedOnToolsVersion = 15.3;
						TestTargetID = 2AA124C42BF7DEC50009D93C;
					};
				};
			};
			buildConfigurationList = 2AA124C02BF7DEC50009D93C /* Build configuration list for PBXProject "LED Controller" */;
			compatibilityVersion = "Xcode 14.0";
			developmentRegion = en;
			hasScannedForEncodings = 0;
			knownRegions = (
				en,
				Base,
			);
			mainGroup = 2AA124BC2BF7DEC50009D93C;
			productRefGroup = 2AA124C62BF7DEC50009D93C /* Products */;
			projectDirPath = "";
			projectRoot = "";
			targets = (
				2AA124C42BF7DEC50009D93C /* LED Controller */,
				2AA124D72BF7DEC60009D93C /* LED ControllerTests */,
				2AA124E12BF7DEC60009D93C /* LED ControllerUITests */,
			);
		};
/* End PBXProject section */

/* Begin PBXResourcesBuildPhase section */
		2AA124C32BF7DEC50009D93C /* Resources */ = {
			isa = PBXResourcesBuildPhase;
			buildActionMask = 2147483647;
			files = (
				2AA124D32BF7DEC60009D93C /* Preview Assets.xcassets in Resources */,
				2AA124CF2BF7DEC60009D93C /* Assets.xcassets in Resources */,
			);
			runOnlyForDeploymentPostprocessing = 0;
		};
		2AA124D62BF7DEC60009D93C /* Resources */ = {
			isa = PBXResourcesBuildPhase;
			buildActionMask = 2147483647;
			files = (
			);
			runOnlyForDeploymentPostprocessing = 0;
		};
		2AA124E02BF7DEC60009D93C /* Resources */ = {
			isa = PBXResourcesBuildPhase;
			buildActionMask = 2147483647;
			files = (
			);
			runOnlyForDeploymentPostprocessing = 0;
		};
/* End PBXResourcesBuildPhase section */

/* Begin PBXSourcesBuildPhase section */
		2AA124C12BF7DEC50009D93C /* Sources */ = {
			isa = PBXSourcesBuildPhase;
			buildActionMask = 2147483647;
			files = (
				2AA124F62BF7E0EB0009D93C /* NetworkManager.swift in Sources */,
				2A7D246E2BF91C58005B6052 /* ComponentsSelection.swift in Sources */,
				2A7D24682BF91223005B6052 /* ComponentsSettings.swift in Sources */,
				2AA124CB2BF7DEC50009D93C /* SettingsView.swift in Sources */,
				2AA124CD2BF7DEC50009D93C /* Item.swift in Sources */,
				2AA124C92BF7DEC50009D93C /* LED_ControllerApp.swift in Sources */,
				2AE4CCE52BFAB87300E55F7F /* spotifyWebView.swift in Sources */,
				2A7D246C2BF91C47005B6052 /* SelectionView.swift in Sources */,
				2AA124F82BF7E1C30009D93C /* ApiConnectModel.swift in Sources */,
				2AC225412C1FDBBC00C93055 /* DataPool.swift in Sources */,
			);
			runOnlyForDeploymentPostprocessing = 0;
		};
		2AA124D42BF7DEC60009D93C /* Sources */ = {
			isa = PBXSourcesBuildPhase;
			buildActionMask = 2147483647;
			files = (
				2AA124DD2BF7DEC60009D93C /* LED_ControllerTests.swift in Sources */,
			);
			runOnlyForDeploymentPostprocessing = 0;
		};
		2AA124DE2BF7DEC60009D93C /* Sources */ = {
			isa = PBXSourcesBuildPhase;
			buildActionMask = 2147483647;
			files = (
				2AA124E92BF7DEC60009D93C /* LED_ControllerUITestsLaunchTests.swift in Sources */,
				2AA124E72BF7DEC60009D93C /* LED_ControllerUITests.swift in Sources */,
			);
			runOnlyForDeploymentPostprocessing = 0;
		};
/* End PBXSourcesBuildPhase section */

/* Begin PBXTargetDependency section */
		2AA124DA2BF7DEC60009D93C /* PBXTargetDependency */ = {
			isa = PBXTargetDependency;
			target = 2AA124C42BF7DEC50009D93C /* LED Controller */;
			targetProxy = 2AA124D92BF7DEC60009D93C /* PBXContainerItemProxy */;
		};
		2AA124E42BF7DEC60009D93C /* PBXTargetDependency */ = {
			isa = PBXTargetDependency;
			target = 2AA124C42BF7DEC50009D93C /* LED Controller */;
			targetProxy = 2AA124E32BF7DEC60009D93C /* PBXContainerItemProxy */;
		};
/* End PBXTargetDependency section */

/* Begin XCBuildConfiguration section */
		2AA124EA2BF7DEC60009D93C /* Debug */ = {
			isa = XCBuildConfiguration;
			buildSettings = {
				ALWAYS_SEARCH_USER_PATHS = NO;
				ASSETCATALOG_COMPILER_GENERATE_SWIFT_ASSET_SYMBOL_EXTENSIONS = YES;
				CLANG_ANALYZER_NONNULL = YES;
				CLANG_ANALYZER_NUMBER_OBJECT_CONVERSION = YES_AGGRESSIVE;
				CLANG_CXX_LANGUAGE_STANDARD = "gnu++20";
				CLANG_ENABLE_MODULES = YES;
				CLANG_ENABLE_OBJC_ARC = YES;
				CLANG_ENABLE_OBJC_WEAK = YES;
				CLANG_WARN_BLOCK_CAPTURE_AUTORELEASING = YES;
				CLANG_WARN_BOOL_CONVERSION = YES;
				CLANG_WARN_COMMA = YES;
				CLANG_WARN_CONSTANT_CONVERSION = YES;
				CLANG_WARN_DEPRECATED_OBJC_IMPLEMENTATIONS = YES;
				CLANG_WARN_DIRECT_OBJC_ISA_USAGE = YES_ERROR;
				CLANG_WARN_DOCUMENTATION_COMMENTS = YES;
				CLANG_WARN_EMPTY_BODY = YES;
				CLANG_WARN_ENUM_CONVERSION = YES;
				CLANG_WARN_INFINITE_RECURSION = YES;
				CLANG_WARN_INT_CONVERSION = YES;
				CLANG_WARN_NON_LITERAL_NULL_CONVERSION = YES;
				CLANG_WARN_OBJC_IMPLICIT_RETAIN_SELF = YES;
				CLANG_WARN_OBJC_LITERAL_CONVERSION = YES;
				CLANG_WARN_OBJC_ROOT_CLASS = YES_ERROR;
				CLANG_WARN_QUOTED_INCLUDE_IN_FRAMEWORK_HEADER = YES;
				CLANG_WARN_RANGE_LOOP_ANALYSIS = YES;
				CLANG_WARN_STRICT_PROTOTYPES = YES;
				CLANG_WARN_SUSPICIOUS_MOVE = YES;
				CLANG_WARN_UNGUARDED_AVAILABILITY = YES_AGGRESSIVE;
				CLANG_WARN_UNREACHABLE_CODE = YES;
				CLANG_WARN__DUPLICATE_METHOD_MATCH = YES;
				COPY_PHASE_STRIP = NO;
				DEAD_CODE_STRIPPING = YES;
				DEBUG_INFORMATION_FORMAT = dwarf;
				ENABLE_STRICT_OBJC_MSGSEND = YES;
				ENABLE_TESTABILITY = YES;
				ENABLE_USER_SCRIPT_SANDBOXING = YES;
				GCC_C_LANGUAGE_STANDARD = gnu17;
				GCC_DYNAMIC_NO_PIC = NO;
				GCC_NO_COMMON_BLOCKS = YES;
				GCC_OPTIMIZATION_LEVEL = 0;
				GCC_PREPROCESSOR_DEFINITIONS = (
					"DEBUG=1",
					"$(inherited)",
				);
				GCC_WARN_64_TO_32_BIT_CONVERSION = YES;
				GCC_WARN_ABOUT_RETURN_TYPE = YES_ERROR;
				GCC_WARN_UNDECLARED_SELECTOR = YES;
				GCC_WARN_UNINITIALIZED_AUTOS = YES_AGGRESSIVE;
				GCC_WARN_UNUSED_FUNCTION = YES;
				GCC_WARN_UNUSED_VARIABLE = YES;
				LOCALIZATION_PREFERS_STRING_CATALOGS = YES;
				MTL_ENABLE_DEBUG_INFO = INCLUDE_SOURCE;
				MTL_FAST_MATH = YES;
				ONLY_ACTIVE_ARCH = YES;
				SWIFT_ACTIVE_COMPILATION_CONDITIONS = "DEBUG $(inherited)";
				SWIFT_OPTIMIZATION_LEVEL = "-Onone";
			};
			name = Debug;
		};
		2AA124EB2BF7DEC60009D93C /* Release */ = {
			isa = XCBuildConfiguration;
			buildSettings = {
				ALWAYS_SEARCH_USER_PATHS = NO;
				ASSETCATALOG_COMPILER_GENERATE_SWIFT_ASSET_SYMBOL_EXTENSIONS = YES;
				CLANG_ANALYZER_NONNULL = YES;
				CLANG_ANALYZER_NUMBER_OBJECT_CONVERSION = YES_AGGRESSIVE;
				CLANG_CXX_LANGUAGE_STANDARD = "gnu++20";
				CLANG_ENABLE_MODULES = YES;
				CLANG_ENABLE_OBJC_ARC = YES;
				CLANG_ENABLE_OBJC_WEAK = YES;
				CLANG_WARN_BLOCK_CAPTURE_AUTORELEASING = YES;
				CLANG_WARN_BOOL_CONVERSION = YES;
				CLANG_WARN_COMMA = YES;
				CLANG_WARN_CONSTANT_CONVERSION = YES;
				CLANG_WARN_DEPRECATED_OBJC_IMPLEMENTATIONS = YES;
				CLANG_WARN_DIRECT_OBJC_ISA_USAGE = YES_ERROR;
				CLANG_WARN_DOCUMENTATION_COMMENTS = YES;
				CLANG_WARN_EMPTY_BODY = YES;
				CLANG_WARN_ENUM_CONVERSION = YES;
				CLANG_WARN_INFINITE_RECURSION = YES;
				CLANG_WARN_INT_CONVERSION = YES;
				CLANG_WARN_NON_LITERAL_NULL_CONVERSION = YES;
				CLANG_WARN_OBJC_IMPLICIT_RETAIN_SELF = YES;
				CLANG_WARN_OBJC_LITERAL_CONVERSION = YES;
				CLANG_WARN_OBJC_ROOT_CLASS = YES_ERROR;
				CLANG_WARN_QUOTED_INCLUDE_IN_FRAMEWORK_HEADER = YES;
				CLANG_WARN_RANGE_LOOP_ANALYSIS = YES;
				CLANG_WARN_STRICT_PROTOTYPES = YES;
				CLANG_WARN_SUSPICIOUS_MOVE = YES;
				CLANG_WARN_UNGUARDED_AVAILABILITY = YES_AGGRESSIVE;
				CLANG_WARN_UNREACHABLE_CODE = YES;
				CLANG_WARN__DUPLICATE_METHOD_MATCH = YES;
				COPY_PHASE_STRIP = NO;
				DEAD_CODE_STRIPPING = YES;
				DEBUG_INFORMATION_FORMAT = "dwarf-with-dsym";
				ENABLE_NS_ASSERTIONS = NO;
				ENABLE_STRICT_OBJC_MSGSEND = YES;
				ENABLE_USER_SCRIPT_SANDBOXING = YES;
				GCC_C_LANGUAGE_STANDARD = gnu17;
				GCC_NO_COMMON_BLOCKS = YES;
				GCC_WARN_64_TO_32_BIT_CONVERSION = YES;
				GCC_WARN_ABOUT_RETURN_TYPE = YES_ERROR;
				GCC_WARN_UNDECLARED_SELECTOR = YES;
				GCC_WARN_UNINITIALIZED_AUTOS = YES_AGGRESSIVE;
				GCC_WARN_UNUSED_FUNCTION = YES;
				GCC_WARN_UNUSED_VARIABLE = YES;
				LOCALIZATION_PREFERS_STRING_CATALOGS = YES;
				MTL_ENABLE_DEBUG_INFO = NO;
				MTL_FAST_MATH = YES;
				SWIFT_COMPILATION_MODE = wholemodule;
			};
			name = Release;
		};
		2AA124ED2BF7DEC60009D93C /* Debug */ = {
			isa = XCBuildConfiguration;
			buildSettings = {
				ASSETCATALOG_COMPILER_APPICON_NAME = AppIcon;
				ASSETCATALOG_COMPILER_GLOBAL_ACCENT_COLOR_NAME = AccentColor;
				CODE_SIGN_ENTITLEMENTS = "LED Controller/LED_Controller.entitlements";
				CODE_SIGN_STYLE = Automatic;
				CURRENT_PROJECT_VERSION = 1;
				DEAD_CODE_STRIPPING = YES;
				DEVELOPMENT_ASSET_PATHS = "\"LED Controller/Preview Content\"";
				DEVELOPMENT_TEAM = 4F3UL275NN;
				ENABLE_HARDENED_RUNTIME = YES;
				ENABLE_PREVIEWS = YES;
				GENERATE_INFOPLIST_FILE = YES;
				"INFOPLIST_KEY_UIApplicationSceneManifest_Generation[sdk=iphoneos*]" = YES;
				"INFOPLIST_KEY_UIApplicationSceneManifest_Generation[sdk=iphonesimulator*]" = YES;
				"INFOPLIST_KEY_UIApplicationSupportsIndirectInputEvents[sdk=iphoneos*]" = YES;
				"INFOPLIST_KEY_UIApplicationSupportsIndirectInputEvents[sdk=iphonesimulator*]" = YES;
				"INFOPLIST_KEY_UILaunchScreen_Generation[sdk=iphoneos*]" = YES;
				"INFOPLIST_KEY_UILaunchScreen_Generation[sdk=iphonesimulator*]" = YES;
				"INFOPLIST_KEY_UIStatusBarStyle[sdk=iphoneos*]" = UIStatusBarStyleDefault;
				"INFOPLIST_KEY_UIStatusBarStyle[sdk=iphonesimulator*]" = UIStatusBarStyleDefault;
				INFOPLIST_KEY_UISupportedInterfaceOrientations_iPad = "UIInterfaceOrientationPortrait UIInterfaceOrientationPortraitUpsideDown UIInterfaceOrientationLandscapeLeft UIInterfaceOrientationLandscapeRight";
				INFOPLIST_KEY_UISupportedInterfaceOrientations_iPhone = "UIInterfaceOrientationPortrait UIInterfaceOrientationLandscapeLeft UIInterfaceOrientationLandscapeRight";
				IPHONEOS_DEPLOYMENT_TARGET = 17.4;
				LD_RUNPATH_SEARCH_PATHS = "@executable_path/Frameworks";
				"LD_RUNPATH_SEARCH_PATHS[sdk=macosx*]" = "@executable_path/../Frameworks";
				MACOSX_DEPLOYMENT_TARGET = 14.0;
				MARKETING_VERSION = 1.3;
				PRODUCT_BUNDLE_IDENTIFIER = "LED-Matrix.LED-Controller";
				PRODUCT_NAME = "$(TARGET_NAME)";
				SDKROOT = auto;
				SUPPORTED_PLATFORMS = "iphoneos iphonesimulator";
				SUPPORTS_MACCATALYST = NO;
				SWIFT_EMIT_LOC_STRINGS = YES;
				SWIFT_VERSION = 5.0;
				TARGETED_DEVICE_FAMILY = "1,2";
			};
			name = Debug;
		};
		2AA124EE2BF7DEC60009D93C /* Release */ = {
			isa = XCBuildConfiguration;
			buildSettings = {
				ASSETCATALOG_COMPILER_APPICON_NAME = AppIcon;
				ASSETCATALOG_COMPILER_GLOBAL_ACCENT_COLOR_NAME = AccentColor;
				CODE_SIGN_ENTITLEMENTS = "LED Controller/LED_Controller.entitlements";
				CODE_SIGN_STYLE = Automatic;
				CURRENT_PROJECT_VERSION = 1;
				DEAD_CODE_STRIPPING = YES;
				DEVELOPMENT_ASSET_PATHS = "\"LED Controller/Preview Content\"";
				DEVELOPMENT_TEAM = 4F3UL275NN;
				ENABLE_HARDENED_RUNTIME = YES;
				ENABLE_PREVIEWS = YES;
				GENERATE_INFOPLIST_FILE = YES;
				"INFOPLIST_KEY_UIApplicationSceneManifest_Generation[sdk=iphoneos*]" = YES;
				"INFOPLIST_KEY_UIApplicationSceneManifest_Generation[sdk=iphonesimulator*]" = YES;
				"INFOPLIST_KEY_UIApplicationSupportsIndirectInputEvents[sdk=iphoneos*]" = YES;
				"INFOPLIST_KEY_UIApplicationSupportsIndirectInputEvents[sdk=iphonesimulator*]" = YES;
				"INFOPLIST_KEY_UILaunchScreen_Generation[sdk=iphoneos*]" = YES;
				"INFOPLIST_KEY_UILaunchScreen_Generation[sdk=iphonesimulator*]" = YES;
				"INFOPLIST_KEY_UIStatusBarStyle[sdk=iphoneos*]" = UIStatusBarStyleDefault;
				"INFOPLIST_KEY_UIStatusBarStyle[sdk=iphonesimulator*]" = UIStatusBarStyleDefault;
				INFOPLIST_KEY_UISupportedInterfaceOrientations_iPad = "UIInterfaceOrientationPortrait UIInterfaceOrientationPortraitUpsideDown UIInterfaceOrientationLandscapeLeft UIInterfaceOrientationLandscapeRight";
				INFOPLIST_KEY_UISupportedInterfaceOrientations_iPhone = "UIInterfaceOrientationPortrait UIInterfaceOrientationLandscapeLeft UIInterfaceOrientationLandscapeRight";
				IPHONEOS_DEPLOYMENT_TARGET = 17.4;
				LD_RUNPATH_SEARCH_PATHS = "@executable_path/Frameworks";
				"LD_RUNPATH_SEARCH_PATHS[sdk=macosx*]" = "@executable_path/../Frameworks";
				MACOSX_DEPLOYMENT_TARGET = 14.0;
				MARKETING_VERSION = 1.3;
				PRODUCT_BUNDLE_IDENTIFIER = "LED-Matrix.LED-Controller";
				PRODUCT_NAME = "$(TARGET_NAME)";
				SDKROOT = auto;
				SUPPORTED_PLATFORMS = "iphoneos iphonesimulator";
				SUPPORTS_MACCATALYST = NO;
				SWIFT_EMIT_LOC_STRINGS = YES;
				SWIFT_VERSION = 5.0;
				TARGETED_DEVICE_FAMILY = "1,2";
			};
			name = Release;
		};
		2AA124F02BF7DEC60009D93C /* Debug */ = {
			isa = XCBuildConfiguration;
			buildSettings = {
				ALWAYS_EMBED_SWIFT_STANDARD_LIBRARIES = YES;
				BUNDLE_LOADER = "$(TEST_HOST)";
				CODE_SIGN_STYLE = Automatic;
				CURRENT_PROJECT_VERSION = 1;
				DEAD_CODE_STRIPPING = YES;
				DEVELOPMENT_TEAM = 4F3UL275NN;
				GENERATE_INFOPLIST_FILE = YES;
				IPHONEOS_DEPLOYMENT_TARGET = 17.4;
				MACOSX_DEPLOYMENT_TARGET = 14.4;
				MARKETING_VERSION = 1.0;
				PRODUCT_BUNDLE_IDENTIFIER = "middleman.LED-ControllerTests";
				PRODUCT_NAME = "$(TARGET_NAME)";
				SDKROOT = auto;
				SUPPORTED_PLATFORMS = "iphoneos iphonesimulator macosx";
				SWIFT_EMIT_LOC_STRINGS = NO;
				SWIFT_VERSION = 5.0;
				TARGETED_DEVICE_FAMILY = "1,2";
				TEST_HOST = "$(BUILT_PRODUCTS_DIR)/LED Controller.app/$(BUNDLE_EXECUTABLE_FOLDER_PATH)/LED Controller";
			};
			name = Debug;
		};
		2AA124F12BF7DEC60009D93C /* Release */ = {
			isa = XCBuildConfiguration;
			buildSettings = {
				ALWAYS_EMBED_SWIFT_STANDARD_LIBRARIES = YES;
				BUNDLE_LOADER = "$(TEST_HOST)";
				CODE_SIGN_STYLE = Automatic;
				CURRENT_PROJECT_VERSION = 1;
				DEAD_CODE_STRIPPING = YES;
				DEVELOPMENT_TEAM = 4F3UL275NN;
				GENERATE_INFOPLIST_FILE = YES;
				IPHONEOS_DEPLOYMENT_TARGET = 17.4;
				MACOSX_DEPLOYMENT_TARGET = 14.4;
				MARKETING_VERSION = 1.0;
				PRODUCT_BUNDLE_IDENTIFIER = "middleman.LED-ControllerTests";
				PRODUCT_NAME = "$(TARGET_NAME)";
				SDKROOT = auto;
				SUPPORTED_PLATFORMS = "iphoneos iphonesimulator macosx";
				SWIFT_EMIT_LOC_STRINGS = NO;
				SWIFT_VERSION = 5.0;
				TARGETED_DEVICE_FAMILY = "1,2";
				TEST_HOST = "$(BUILT_PRODUCTS_DIR)/LED Controller.app/$(BUNDLE_EXECUTABLE_FOLDER_PATH)/LED Controller";
			};
			name = Release;
		};
		2AA124F32BF7DEC60009D93C /* Debug */ = {
			isa = XCBuildConfiguration;
			buildSettings = {
				ALWAYS_EMBED_SWIFT_STANDARD_LIBRARIES = YES;
				CODE_SIGN_STYLE = Automatic;
				CURRENT_PROJECT_VERSION = 1;
				DEAD_CODE_STRIPPING = YES;
				DEVELOPMENT_TEAM = 4F3UL275NN;
				GENERATE_INFOPLIST_FILE = YES;
				IPHONEOS_DEPLOYMENT_TARGET = 17.4;
				MACOSX_DEPLOYMENT_TARGET = 14.4;
				MARKETING_VERSION = 1.0;
				PRODUCT_BUNDLE_IDENTIFIER = "middleman.LED-ControllerUITests";
				PRODUCT_NAME = "$(TARGET_NAME)";
				SDKROOT = auto;
				SUPPORTED_PLATFORMS = "iphoneos iphonesimulator macosx";
				SWIFT_EMIT_LOC_STRINGS = NO;
				SWIFT_VERSION = 5.0;
				TARGETED_DEVICE_FAMILY = "1,2";
				TEST_TARGET_NAME = "LED Controller";
			};
			name = Debug;
		};
		2AA124F42BF7DEC60009D93C /* Release */ = {
			isa = XCBuildConfiguration;
			buildSettings = {
				ALWAYS_EMBED_SWIFT_STANDARD_LIBRARIES = YES;
				CODE_SIGN_STYLE = Automatic;
				CURRENT_PROJECT_VERSION = 1;
				DEAD_CODE_STRIPPING = YES;
				DEVELOPMENT_TEAM = 4F3UL275NN;
				GENERATE_INFOPLIST_FILE = YES;
				IPHONEOS_DEPLOYMENT_TARGET = 17.4;
				MACOSX_DEPLOYMENT_TARGET = 14.4;
				MARKETING_VERSION = 1.0;
				PRODUCT_BUNDLE_IDENTIFIER = "middleman.LED-ControllerUITests";
				PRODUCT_NAME = "$(TARGET_NAME)";
				SDKROOT = auto;
				SUPPORTED_PLATFORMS = "iphoneos iphonesimulator macosx";
				SWIFT_EMIT_LOC_STRINGS = NO;
				SWIFT_VERSION = 5.0;
				TARGETED_DEVICE_FAMILY = "1,2";
				TEST_TARGET_NAME = "LED Controller";
			};
			name = Release;
		};
/* End XCBuildConfiguration section */

/* Begin XCConfigurationList section */
		2AA124C02BF7DEC50009D93C /* Build configuration list for PBXProject "LED Controller" */ = {
			isa = XCConfigurationList;
			buildConfigurations = (
				2AA124EA2BF7DEC60009D93C /* Debug */,
				2AA124EB2BF7DEC60009D93C /* Release */,
			);
			defaultConfigurationIsVisible = 0;
			defaultConfigurationName = Release;
		};
		2AA124EC2BF7DEC60009D93C /* Build configuration list for PBXNativeTarget "LED Controller" */ = {
			isa = XCConfigurationList;
			buildConfigurations = (
				2AA124ED2BF7DEC60009D93C /* Debug */,
				2AA124EE2BF7DEC60009D93C /* Release */,
			);
			defaultConfigurationIsVisible = 0;
			defaultConfigurationName = Release;
		};
		2AA124EF2BF7DEC60009D93C /* Build configuration list for PBXNativeTarget "LED ControllerTests" */ = {
			isa = XCConfigurationList;
			buildConfigurations = (
				2AA124F02BF7DEC60009D93C /* Debug */,
				2AA124F12BF7DEC60009D93C /* Release */,
			);
			defaultConfigurationIsVisible = 0;
			defaultConfigurationName = Release;
		};
		2AA124F22BF7DEC60009D93C /* Build configuration list for PBXNativeTarget "LED ControllerUITests" */ = {
			isa = XCConfigurationList;
			buildConfigurations = (
				2AA124F32BF7DEC60009D93C /* Debug */,
				2AA124F42BF7DEC60009D93C /* Release */,
			);
			defaultConfigurationIsVisible = 0;
			defaultConfigurationName = Release;
		};
/* End XCConfigurationList section */
	};
	rootObject = 2AA124BD2BF7DEC50009D93C /* Project object */;
}
